
Microsoft Visual Studio Solution File, Format Version 12.00
# Visual Studio 15
VisualStudioVersion = 15.0.27703.2035
MinimumVisualStudioVersion = 10.0.40219.1
Project("{FAE04EC0-301F-11D3-BF4B-00C04F79EFBC}") = "UndertaleModTool", "UndertaleModTool\UndertaleModTool.csproj", "{C703A485-DBFB-4601-8A26-42E64CCF812F}"
EndProject
Project("{FAE04EC0-301F-11D3-BF4B-00C04F79EFBC}") = "Test", "Test\Test.csproj", "{8EDAB51C-F72D-47B0-B6E7-0DA5BF72FACB}"
EndProject
Project("{FAE04EC0-301F-11D3-BF4B-00C04F79EFBC}") = "UndertaleModLib", "UndertaleModLib\UndertaleModLib.csproj", "{4781ADAC-9469-42C4-B357-4A0A157D7FCD}"
EndProject
Global
	GlobalSection(SolutionConfigurationPlatforms) = preSolution
		Debug|Any CPU = Debug|Any CPU
		Release|Any CPU = Release|Any CPU
	EndGlobalSection
	GlobalSection(ProjectConfigurationPlatforms) = postSolution
		{C703A485-DBFB-4601-8A26-42E64CCF812F}.Debug|Any CPU.ActiveCfg = Debug|Any CPU
		{C703A485-DBFB-4601-8A26-42E64CCF812F}.Debug|Any CPU.Build.0 = Debug|Any CPU
		{C703A485-DBFB-4601-8A26-42E64CCF812F}.Release|Any CPU.ActiveCfg = Release|Any CPU
		{C703A485-DBFB-4601-8A26-42E64CCF812F}.Release|Any CPU.Build.0 = Release|Any CPU
		{8EDAB51C-F72D-47B0-B6E7-0DA5BF72FACB}.Debug|Any CPU.ActiveCfg = Debug|Any CPU
		{8EDAB51C-F72D-47B0-B6E7-0DA5BF72FACB}.Debug|Any CPU.Build.0 = Debug|Any CPU
		{8EDAB51C-F72D-47B0-B6E7-0DA5BF72FACB}.Release|Any CPU.ActiveCfg = Release|Any CPU
		{8EDAB51C-F72D-47B0-B6E7-0DA5BF72FACB}.Release|Any CPU.Build.0 = Release|Any CPU
		{4781ADAC-9469-42C4-B357-4A0A157D7FCD}.Debug|Any CPU.ActiveCfg = Debug|Any CPU
		{4781ADAC-9469-42C4-B357-4A0A157D7FCD}.Debug|Any CPU.Build.0 = Debug|Any CPU
		{4781ADAC-9469-42C4-B357-4A0A157D7FCD}.Release|Any CPU.ActiveCfg = Release|Any CPU
		{4781ADAC-9469-42C4-B357-4A0A157D7FCD}.Release|Any CPU.Build.0 = Release|Any CPU
	EndGlobalSection
	GlobalSection(SolutionProperties) = preSolution
		HideSolutionNode = FALSE
	EndGlobalSection
	GlobalSection(ExtensibilityGlobals) = postSolution
		SolutionGuid = {B30B9D2A-2C5B-491E-BB68-094F47DA14B3}
	EndGlobalSection
EndGlobal
