
Microsoft Visual Studio Solution File, Format Version 12.00
# Visual Studio Version 17
VisualStudioVersion = 17.9.34607.119
MinimumVisualStudioVersion = 10.0.40219.1
Project("{9A19103F-16F7-4668-BE54-9A1E7A4F7556}") = "Underanalyzer", "Underanalyzer\Underanalyzer.csproj", "{A84CD799-4B88-421A-A2C4-3B5B6017883B}"
EndProject
Project("{FAE04EC0-301F-11D3-BF4B-00C04F79EFBC}") = "UnderanalyzerTest", "UnderanalyzerTest\UnderanalyzerTest.csproj", "{D82F3106-45E3-4473-AC27-5C86F5E6C2EB}"
EndProject
Global
	GlobalSection(SolutionConfigurationPlatforms) = preSolution
		Debug|Any CPU = Debug|Any CPU
		Release|Any CPU = Release|Any CPU
	EndGlobalSection
	GlobalSection(ProjectConfigurationPlatforms) = postSolution
		{A84CD799-4B88-421A-A2C4-3B5B6017883B}.Debug|Any CPU.ActiveCfg = Debug|Any CPU
		{A84CD799-4B88-421A-A2C4-3B5B6017883B}.Debug|Any CPU.Build.0 = Debug|Any CPU
		{A84CD799-4B88-421A-A2C4-3B5B6017883B}.Release|Any CPU.ActiveCfg = Release|Any CPU
		{A84CD799-4B88-421A-A2C4-3B5B6017883B}.Release|Any CPU.Build.0 = Release|Any CPU
		{D82F3106-45E3-4473-AC27-5C86F5E6C2EB}.Debug|Any CPU.ActiveCfg = Debug|Any CPU
		{D82F3106-45E3-4473-AC27-5C86F5E6C2EB}.Debug|Any CPU.Build.0 = Debug|Any CPU
		{D82F3106-45E3-4473-AC27-5C86F5E6C2EB}.Release|Any CPU.ActiveCfg = Release|Any CPU
		{D82F3106-45E3-4473-AC27-5C86F5E6C2EB}.Release|Any CPU.Build.0 = Release|Any CPU
	EndGlobalSection
	GlobalSection(SolutionProperties) = preSolution
		HideSolutionNode = FALSE
	EndGlobalSection
	GlobalSection(ExtensibilityGlobals) = postSolution
		SolutionGuid = {146D7981-4E17-451B-83E8-B8E45925E8B6}
	EndGlobalSection
EndGlobal
